
Microsoft Visual Studio Solution File, Format Version 12.00
# Visual Studio Version 17
VisualStudioVersion = 17.9.34616.47
MinimumVisualStudioVersion = 10.0.40219.1
Project("{FAE04EC0-301F-11D3-BF4B-00C04F79EFBC}") = "PracticalWork_C_7.8", "PracticalWork_C_7.8\PracticalWork_C_7.8.csproj", "{C1F4D8CE-F987-44E5-A137-F3CE60351B79}"
EndProject
Global
	GlobalSection(SolutionConfigurationPlatforms) = preSolution
		Debug|Any CPU = Debug|Any CPU
		Release|Any CPU = Release|Any CPU
	EndGlobalSection
	GlobalSection(ProjectConfigurationPlatforms) = postSolution
		{C1F4D8CE-F987-44E5-A137-F3CE60351B79}.Debug|Any CPU.ActiveCfg = Debug|Any CPU
		{C1F4D8CE-F987-44E5-A137-F3CE60351B79}.Debug|Any CPU.Build.0 = Debug|Any CPU
		{C1F4D8CE-F987-44E5-A137-F3CE60351B79}.Release|Any CPU.ActiveCfg = Release|Any CPU
		{C1F4D8CE-F987-44E5-A137-F3CE60351B79}.Release|Any CPU.Build.0 = Release|Any CPU
	EndGlobalSection
	GlobalSection(SolutionProperties) = preSolution
		HideSolutionNode = FALSE
	EndGlobalSection
	GlobalSection(ExtensibilityGlobals) = postSolution
		SolutionGuid = {5758D299-F097-426C-83B7-8ADBC3DEF3E0}
	EndGlobalSection
EndGlobal
